
Microsoft Visual Studio Solution File, Format Version 12.00
# Visual Studio Version 17
VisualStudioVersion = 17.10.35027.167
MinimumVisualStudioVersion = 10.0.40219.1
Project("{FAE04EC0-301F-11D3-BF4B-00C04F79EFBC}") = "CarListApp", "CarListApp\CarListApp.csproj", "{5BBFF520-57BF-49E6-9A68-FFE4A3EFF89F}"
EndProject
Global
	GlobalSection(SolutionConfigurationPlatforms) = preSolution
		Debug|Any CPU = Debug|Any CPU
		Release|Any CPU = Release|Any CPU
	EndGlobalSection
	GlobalSection(ProjectConfigurationPlatforms) = postSolution
		{5BBFF520-57BF-49E6-9A68-FFE4A3EFF89F}.Debug|Any CPU.ActiveCfg = Debug|Any CPU
		{5BBFF520-57BF-49E6-9A68-FFE4A3EFF89F}.Debug|Any CPU.Build.0 = Debug|Any CPU
		{5BBFF520-57BF-49E6-9A68-FFE4A3EFF89F}.Debug|Any CPU.Deploy.0 = Debug|Any CPU
		{5BBFF520-57BF-49E6-9A68-FFE4A3EFF89F}.Release|Any CPU.ActiveCfg = Release|Any CPU
		{5BBFF520-57BF-49E6-9A68-FFE4A3EFF89F}.Release|Any CPU.Build.0 = Release|Any CPU
		{5BBFF520-57BF-49E6-9A68-FFE4A3EFF89F}.Release|Any CPU.Deploy.0 = Release|Any CPU
	EndGlobalSection
	GlobalSection(SolutionProperties) = preSolution
		HideSolutionNode = FALSE
	EndGlobalSection
	GlobalSection(ExtensibilityGlobals) = postSolution
		SolutionGuid = {53F17548-6385-4204-BAF7-25A35B0C21C5}
	EndGlobalSection
EndGlobal
